<?xml version="1.0" encoding="utf-8"?>
<Project ToolsVersion="4.0" xmlns="http://schemas.microsoft.com/developer/msbuild/2003">
  <ItemGroup>
    <Filter Include="Source Files">
      <UniqueIdentifier>{4FC737F1-C7A5-4376-A066-2A32D752A2FF}</UniqueIdentifier>
      <Extensions>cpp;c;cc;cxx;def;odl;idl;hpj;bat;asm;asmx</Extensions>
    </Filter>
    <Filter Include="Header Files">
      <UniqueIdentifier>{93995380-89BD-4b04-88EB-625FBE52EBFB}</UniqueIdentifier>
      <Extensions>h;hh;hpp;hxx;hm;inl;inc;ipp;xsd</Extensions>
    </Filter>
    <Filter Include="Resource Files">
      <UniqueIdentifier>{67DA6AB6-F800-4c08-8B7A-83BB121AAD01}</UniqueIdentifier>
      <Extensions>rc;ico;cur;bmp;dlg;rc2;rct;bin;rgs;gif;jpg;jpeg;jpe;resx;tiff;tif;png;wav;mfcribbon-ms</Extensions>
    </Filter>
    <Filter Include="Source Files\Utilities">
      <UniqueIdentifier>{91e64355-d2d0-4261-afbf-7ef6ca0b341c}</UniqueIdentifier>
    </Filter>
    <Filter Include="Source Files\States">
      <UniqueIdentifier>{cbbf7275-4ffb-45a4-aa53-1151eeddd204}</UniqueIdentifier>
    </Filter>
    <Filter Include="Source Files\States\Functionality">
      <UniqueIdentifier>{8c7db040-cb61-47b8-a5eb-bbd76b84bf4b}</UniqueIdentifier>
    </Filter>
    <Filter Include="Source Files\States\Game States">
      <UniqueIdentifier>{d81e09fe-d807-4be8-946f-fdef9cc0381b}</UniqueIdentifier>
    </Filter>
    <Filter Include="Source Files\Textures">
      <UniqueIdentifier>{9462c13b-01df-438c-a0ff-85286bb88e33}</UniqueIdentifier>
    </Filter>
    <Filter Include="Source Files\Shaders">
      <UniqueIdentifier>{5d1da35e-9bf0-4055-a0f2-8cd89dfe87fe}</UniqueIdentifier>
    </Filter>
    <Filter Include="Source Files\Mesh">
      <UniqueIdentifier>{605dd9b5-c92a-49de-a8c2-f4493228ba75}</UniqueIdentifier>
    </Filter>
    <Filter Include="Source Files\Entities">
      <UniqueIdentifier>{ff506c44-721d-4718-9a97-54325c251a89}</UniqueIdentifier>
    </Filter>
    <Filter Include="Source Files\World">
      <UniqueIdentifier>{e331a682-6dc4-46dc-a79f-e8b1dcb5930a}</UniqueIdentifier>
    </Filter>
    <Filter Include="Source Files\World\Generators">
      <UniqueIdentifier>{d40bebcf-36ff-4495-aee0-12c8bccf26ca}</UniqueIdentifier>
    </Filter>
  </ItemGroup>
  <ItemGroup>
    <ClCompile Include="Main.cpp">
      <Filter>Source Files</Filter>
    </ClCompile>
    <ClCompile Include="Game.cpp">
      <Filter>Source Files</Filter>
    </ClCompile>
    <ClCompile Include="State.cpp">
      <Filter>Source Files\States\Functionality</Filter>
    </ClCompile>
    <ClCompile Include="StateMachine.cpp">
      <Filter>Source Files\States\Functionality</Filter>
    </ClCompile>
    <ClCompile Include="PlayingState.cpp">
      <Filter>Source Files\States\Game States</Filter>
    </ClCompile>
    <ClCompile Include="Camera.cpp">
      <Filter>Source Files\Utilities</Filter>
    </ClCompile>
    <ClCompile Include="GLWindow.cpp">
      <Filter>Source Files\Utilities</Filter>
    </ClCompile>
    <ClCompile Include="Texture.cpp">
      <Filter>Source Files\Textures</Filter>
    </ClCompile>
    <ClCompile Include="Mesh.cpp">
      <Filter>Source Files\Mesh</Filter>
    </ClCompile>
    <ClCompile Include="CubeGenerator.cpp">
      <Filter>Source Files\World\Generators</Filter>
    </ClCompile>
    <ClCompile Include="Program.cpp">
      <Filter>Source Files\Shaders</Filter>
    </ClCompile>
    <ClCompile Include="Player.cpp">
      <Filter>Source Files\Entities</Filter>
    </ClCompile>
    <ClCompile Include="HeightGenerator.cpp">
      <Filter>Source Files\World\Generators</Filter>
    </ClCompile>
    <ClCompile Include="World.cpp">
      <Filter>Source Files\World</Filter>
    </ClCompile>
    <ClCompile Include="FrustumCulling.cpp">
      <Filter>Source Files\World</Filter>
    </ClCompile>
    <ClCompile Include="ChunkGenerator.cpp">
      <Filter>Source Files\World\Generators</Filter>
    </ClCompile>
  </ItemGroup>
  <ItemGroup>
    <ClInclude Include="Camera.h">
      <Filter>Source Files\Utilities</Filter>
    </ClInclude>
    <ClInclude Include="GLWindow.h">
      <Filter>Source Files\Utilities</Filter>
    </ClInclude>
    <ClInclude Include="MoreInfo.h">
      <Filter>Source Files\Utilities</Filter>
    </ClInclude>
    <ClInclude Include="State.h">
      <Filter>Source Files\States\Functionality</Filter>
    </ClInclude>
    <ClInclude Include="StateMachine.h">
      <Filter>Source Files\States\Functionality</Filter>
    </ClInclude>
    <ClInclude Include="PlayingState.h">
      <Filter>Source Files\States\Game States</Filter>
    </ClInclude>
    <ClInclude Include="Texture.h">
      <Filter>Source Files\Textures</Filter>
    </ClInclude>
    <ClInclude Include="Mesh.h">
      <Filter>Source Files\Mesh</Filter>
    </ClInclude>
    <ClInclude Include="CubeGenerator.h">
      <Filter>Source Files\World\Generators</Filter>
    </ClInclude>
    <ClInclude Include="Program.h">
      <Filter>Source Files\Shaders</Filter>
    </ClInclude>
    <ClInclude Include="FileLocations.h">
      <Filter>Source Files\Utilities</Filter>
    </ClInclude>
    <ClInclude Include="Player.h">
      <Filter>Source Files\Entities</Filter>
    </ClInclude>
    <ClInclude Include="Random.h">
      <Filter>Source Files\Utilities</Filter>
    </ClInclude>
    <ClInclude Include="HeightGenerator.h">
      <Filter>Source Files\World\Generators</Filter>
    </ClInclude>
    <ClInclude Include="Game.h">
      <Filter>Source Files</Filter>
    </ClInclude>
    <ClInclude Include="World.h">
      <Filter>Source Files\World</Filter>
    </ClInclude>
    <ClInclude Include="FrustumCulling.h">
      <Filter>Source Files\World</Filter>
    </ClInclude>
    <ClInclude Include="ChunkGenerator.h">
      <Filter>Source Files\World\Generators</Filter>
    </ClInclude>
  </ItemGroup>
  <ItemGroup>
    <None Include="Shaders\basicShader.frag">
      <Filter>Source Files\Shaders</Filter>
    </None>
    <None Include="Shaders\basicShader.vert">
      <Filter>Source Files\Shaders</Filter>
    </None>
  </ItemGroup>
</Project>